// !$*UTF8*$!
{
	archiveVersion = 1;
	classes = {
	};
	objectVersion = 51;
	objects = {

/* Begin PBXBuildFile section */
		06B6FDF7DB70F278D61422B4 /* Pods_myInstagramTests.framework in Frameworks */ = {isa = PBXBuildFile; fileRef = 7747F24E14CAA2E0BAC643BA /* Pods_myInstagramTests.framework */; };
		3A18D628E5C07392BD679539 /* Pods_myInstagramUITests.framework in Frameworks */ = {isa = PBXBuildFile; fileRef = C7E0E00482646F1D803CF1A1 /* Pods_myInstagramUITests.framework */; };
		7FE59927B7157D8B994D1776 /* Pods_myInstagram.framework in Frameworks */ = {isa = PBXBuildFile; fileRef = F50A331DAEFE15166B652395 /* Pods_myInstagram.framework */; };
		FF0B803D22D5412D00E37BF8 /* PostingViewController.m in Sources */ = {isa = PBXBuildFile; fileRef = FF0B803C22D5412D00E37BF8 /* PostingViewController.m */; };
		FF0B804122D5452B00E37BF8 /* Post.m in Sources */ = {isa = PBXBuildFile; fileRef = FF0B804022D5452B00E37BF8 /* Post.m */; };
		FF0B804A22D550EC00E37BF8 /* PostCell.m in Sources */ = {isa = PBXBuildFile; fileRef = FF0B804922D550EC00E37BF8 /* PostCell.m */; };
		FF2F39D122D6A69E00B4C39E /* ProfileViewController.m in Sources */ = {isa = PBXBuildFile; fileRef = FF2F39D022D6A69E00B4C39E /* ProfileViewController.m */; };
		FF2F39D422D6B0CA00B4C39E /* PostCollectionCell.m in Sources */ = {isa = PBXBuildFile; fileRef = FF2F39D322D6B0CA00B4C39E /* PostCollectionCell.m */; };
		FF2F51B922D3FAF700CEBDC9 /* AppDelegate.m in Sources */ = {isa = PBXBuildFile; fileRef = FF2F51B822D3FAF700CEBDC9 /* AppDelegate.m */; };
		FF2F51BF22D3FAF700CEBDC9 /* Main.storyboard in Resources */ = {isa = PBXBuildFile; fileRef = FF2F51BD22D3FAF700CEBDC9 /* Main.storyboard */; };
		FF2F51C122D3FAF800CEBDC9 /* Assets.xcassets in Resources */ = {isa = PBXBuildFile; fileRef = FF2F51C022D3FAF800CEBDC9 /* Assets.xcassets */; };
		FF2F51C422D3FAF800CEBDC9 /* LaunchScreen.storyboard in Resources */ = {isa = PBXBuildFile; fileRef = FF2F51C222D3FAF800CEBDC9 /* LaunchScreen.storyboard */; };
		FF2F51C722D3FAF800CEBDC9 /* main.m in Sources */ = {isa = PBXBuildFile; fileRef = FF2F51C622D3FAF800CEBDC9 /* main.m */; };
		FF2F51D122D3FAF800CEBDC9 /* myInstagramTests.m in Sources */ = {isa = PBXBuildFile; fileRef = FF2F51D022D3FAF800CEBDC9 /* myInstagramTests.m */; };
		FF2F51DC22D3FAF800CEBDC9 /* myInstagramUITests.m in Sources */ = {isa = PBXBuildFile; fileRef = FF2F51DB22D3FAF800CEBDC9 /* myInstagramUITests.m */; };
		FF87D0C522D567C6002C01C5 /* DetailsViewController.m in Sources */ = {isa = PBXBuildFile; fileRef = FF87D0C422D567C6002C01C5 /* DetailsViewController.m */; };
		FFB37E1F22D4076800366643 /* LoginViewController.m in Sources */ = {isa = PBXBuildFile; fileRef = FFB37E1E22D4076800366643 /* LoginViewController.m */; };
		FFB37E2222D4091700366643 /* RegisterViewController.m in Sources */ = {isa = PBXBuildFile; fileRef = FFB37E2122D4091700366643 /* RegisterViewController.m */; };
		FFB37E2522D40A8400366643 /* LoggedInViewController.m in Sources */ = {isa = PBXBuildFile; fileRef = FFB37E2422D40A8400366643 /* LoggedInViewController.m */; };
/* End PBXBuildFile section */

/* Begin PBXContainerItemProxy section */
		FF2F51CD22D3FAF800CEBDC9 /* PBXContainerItemProxy */ = {
			isa = PBXContainerItemProxy;
			containerPortal = FF2F51AC22D3FAF700CEBDC9 /* Project object */;
			proxyType = 1;
			remoteGlobalIDString = FF2F51B322D3FAF700CEBDC9;
			remoteInfo = myInstagram;
		};
		FF2F51D822D3FAF800CEBDC9 /* PBXContainerItemProxy */ = {
			isa = PBXContainerItemProxy;
			containerPortal = FF2F51AC22D3FAF700CEBDC9 /* Project object */;
			proxyType = 1;
			remoteGlobalIDString = FF2F51B322D3FAF700CEBDC9;
			remoteInfo = myInstagram;
		};
/* End PBXContainerItemProxy section */

/* Begin PBXFileReference section */
		071FC61BF9F3EE079D91026A /* Pods-myInstagram.release.xcconfig */ = {isa = PBXFileReference; includeInIndex = 1; lastKnownFileType = text.xcconfig; name = "Pods-myInstagram.release.xcconfig"; path = "Target Support Files/Pods-myInstagram/Pods-myInstagram.release.xcconfig"; sourceTree = "<group>"; };
		3EFE290573460F4252A6CF78 /* Pods-myInstagramTests.debug.xcconfig */ = {isa = PBXFileReference; includeInIndex = 1; lastKnownFileType = text.xcconfig; name = "Pods-myInstagramTests.debug.xcconfig"; path = "Target Support Files/Pods-myInstagramTests/Pods-myInstagramTests.debug.xcconfig"; sourceTree = "<group>"; };
		610361EB77E8123EF20FFFD6 /* Pods-myInstagramTests.release.xcconfig */ = {isa = PBXFileReference; includeInIndex = 1; lastKnownFileType = text.xcconfig; name = "Pods-myInstagramTests.release.xcconfig"; path = "Target Support Files/Pods-myInstagramTests/Pods-myInstagramTests.release.xcconfig"; sourceTree = "<group>"; };
		7747F24E14CAA2E0BAC643BA /* Pods_myInstagramTests.framework */ = {isa = PBXFileReference; explicitFileType = wrapper.framework; includeInIndex = 0; path = Pods_myInstagramTests.framework; sourceTree = BUILT_PRODUCTS_DIR; };
		87A3B37AF087B55D0E083778 /* Pods-myInstagramUITests.release.xcconfig */ = {isa = PBXFileReference; includeInIndex = 1; lastKnownFileType = text.xcconfig; name = "Pods-myInstagramUITests.release.xcconfig"; path = "Target Support Files/Pods-myInstagramUITests/Pods-myInstagramUITests.release.xcconfig"; sourceTree = "<group>"; };
		93A1A465A0B96DF328D392D8 /* Pods-myInstagramUITests.debug.xcconfig */ = {isa = PBXFileReference; includeInIndex = 1; lastKnownFileType = text.xcconfig; name = "Pods-myInstagramUITests.debug.xcconfig"; path = "Target Support Files/Pods-myInstagramUITests/Pods-myInstagramUITests.debug.xcconfig"; sourceTree = "<group>"; };
		C7E0E00482646F1D803CF1A1 /* Pods_myInstagramUITests.framework */ = {isa = PBXFileReference; explicitFileType = wrapper.framework; includeInIndex = 0; path = Pods_myInstagramUITests.framework; sourceTree = BUILT_PRODUCTS_DIR; };
		F50A331DAEFE15166B652395 /* Pods_myInstagram.framework */ = {isa = PBXFileReference; explicitFileType = wrapper.framework; includeInIndex = 0; path = Pods_myInstagram.framework; sourceTree = BUILT_PRODUCTS_DIR; };
		F6C98D03D0B36A5BD21F007E /* Pods-myInstagram.debug.xcconfig */ = {isa = PBXFileReference; includeInIndex = 1; lastKnownFileType = text.xcconfig; name = "Pods-myInstagram.debug.xcconfig"; path = "Target Support Files/Pods-myInstagram/Pods-myInstagram.debug.xcconfig"; sourceTree = "<group>"; };
		FF0B803B22D5412D00E37BF8 /* PostingViewController.h */ = {isa = PBXFileReference; lastKnownFileType = sourcecode.c.h; path = PostingViewController.h; sourceTree = "<group>"; };
		FF0B803C22D5412D00E37BF8 /* PostingViewController.m */ = {isa = PBXFileReference; lastKnownFileType = sourcecode.c.objc; path = PostingViewController.m; sourceTree = "<group>"; };
		FF0B803F22D5452B00E37BF8 /* Post.h */ = {isa = PBXFileReference; lastKnownFileType = sourcecode.c.h; path = Post.h; sourceTree = "<group>"; };
		FF0B804022D5452B00E37BF8 /* Post.m */ = {isa = PBXFileReference; lastKnownFileType = sourcecode.c.objc; path = Post.m; sourceTree = "<group>"; };
		FF0B804822D550EC00E37BF8 /* PostCell.h */ = {isa = PBXFileReference; lastKnownFileType = sourcecode.c.h; path = PostCell.h; sourceTree = "<group>"; };
		FF0B804922D550EC00E37BF8 /* PostCell.m */ = {isa = PBXFileReference; lastKnownFileType = sourcecode.c.objc; path = PostCell.m; sourceTree = "<group>"; };
		FF2F39CF22D6A69E00B4C39E /* ProfileViewController.h */ = {isa = PBXFileReference; lastKnownFileType = sourcecode.c.h; path = ProfileViewController.h; sourceTree = "<group>"; };
		FF2F39D022D6A69E00B4C39E /* ProfileViewController.m */ = {isa = PBXFileReference; lastKnownFileType = sourcecode.c.objc; path = ProfileViewController.m; sourceTree = "<group>"; };
		FF2F39D222D6B0CA00B4C39E /* PostCollectionCell.h */ = {isa = PBXFileReference; lastKnownFileType = sourcecode.c.h; path = PostCollectionCell.h; sourceTree = "<group>"; };
		FF2F39D322D6B0CA00B4C39E /* PostCollectionCell.m */ = {isa = PBXFileReference; lastKnownFileType = sourcecode.c.objc; path = PostCollectionCell.m; sourceTree = "<group>"; };
		FF2F51B422D3FAF700CEBDC9 /* myInstagram.app */ = {isa = PBXFileReference; explicitFileType = wrapper.application; includeInIndex = 0; path = myInstagram.app; sourceTree = BUILT_PRODUCTS_DIR; };
		FF2F51B722D3FAF700CEBDC9 /* AppDelegate.h */ = {isa = PBXFileReference; lastKnownFileType = sourcecode.c.h; path = AppDelegate.h; sourceTree = "<group>"; };
		FF2F51B822D3FAF700CEBDC9 /* AppDelegate.m */ = {isa = PBXFileReference; lastKnownFileType = sourcecode.c.objc; path = AppDelegate.m; sourceTree = "<group>"; };
		FF2F51BE22D3FAF700CEBDC9 /* Base */ = {isa = PBXFileReference; lastKnownFileType = file.storyboard; name = Base; path = Base.lproj/Main.storyboard; sourceTree = "<group>"; };
		FF2F51C022D3FAF800CEBDC9 /* Assets.xcassets */ = {isa = PBXFileReference; lastKnownFileType = folder.assetcatalog; path = Assets.xcassets; sourceTree = "<group>"; };
		FF2F51C322D3FAF800CEBDC9 /* Base */ = {isa = PBXFileReference; lastKnownFileType = file.storyboard; name = Base; path = Base.lproj/LaunchScreen.storyboard; sourceTree = "<group>"; };
		FF2F51C522D3FAF800CEBDC9 /* Info.plist */ = {isa = PBXFileReference; lastKnownFileType = text.plist.xml; path = Info.plist; sourceTree = "<group>"; };
		FF2F51C622D3FAF800CEBDC9 /* main.m */ = {isa = PBXFileReference; lastKnownFileType = sourcecode.c.objc; path = main.m; sourceTree = "<group>"; };
		FF2F51CC22D3FAF800CEBDC9 /* myInstagramTests.xctest */ = {isa = PBXFileReference; explicitFileType = wrapper.cfbundle; includeInIndex = 0; path = myInstagramTests.xctest; sourceTree = BUILT_PRODUCTS_DIR; };
		FF2F51D022D3FAF800CEBDC9 /* myInstagramTests.m */ = {isa = PBXFileReference; lastKnownFileType = sourcecode.c.objc; path = myInstagramTests.m; sourceTree = "<group>"; };
		FF2F51D222D3FAF800CEBDC9 /* Info.plist */ = {isa = PBXFileReference; lastKnownFileType = text.plist.xml; path = Info.plist; sourceTree = "<group>"; };
		FF2F51D722D3FAF800CEBDC9 /* myInstagramUITests.xctest */ = {isa = PBXFileReference; explicitFileType = wrapper.cfbundle; includeInIndex = 0; path = myInstagramUITests.xctest; sourceTree = BUILT_PRODUCTS_DIR; };
		FF2F51DB22D3FAF800CEBDC9 /* myInstagramUITests.m */ = {isa = PBXFileReference; lastKnownFileType = sourcecode.c.objc; path = myInstagramUITests.m; sourceTree = "<group>"; };
		FF2F51DD22D3FAF800CEBDC9 /* Info.plist */ = {isa = PBXFileReference; lastKnownFileType = text.plist.xml; path = Info.plist; sourceTree = "<group>"; };
		FF87D0C322D567C6002C01C5 /* DetailsViewController.h */ = {isa = PBXFileReference; lastKnownFileType = sourcecode.c.h; path = DetailsViewController.h; sourceTree = "<group>"; };
		FF87D0C422D567C6002C01C5 /* DetailsViewController.m */ = {isa = PBXFileReference; lastKnownFileType = sourcecode.c.objc; path = DetailsViewController.m; sourceTree = "<group>"; };
		FFB37E1D22D4076800366643 /* LoginViewController.h */ = {isa = PBXFileReference; lastKnownFileType = sourcecode.c.h; path = LoginViewController.h; sourceTree = "<group>"; };
		FFB37E1E22D4076800366643 /* LoginViewController.m */ = {isa = PBXFileReference; lastKnownFileType = sourcecode.c.objc; path = LoginViewController.m; sourceTree = "<group>"; };
		FFB37E2022D4091700366643 /* RegisterViewController.h */ = {isa = PBXFileReference; lastKnownFileType = sourcecode.c.h; path = RegisterViewController.h; sourceTree = "<group>"; };
		FFB37E2122D4091700366643 /* RegisterViewController.m */ = {isa = PBXFileReference; lastKnownFileType = sourcecode.c.objc; path = RegisterViewController.m; sourceTree = "<group>"; };
		FFB37E2322D40A8400366643 /* LoggedInViewController.h */ = {isa = PBXFileReference; lastKnownFileType = sourcecode.c.h; path = LoggedInViewController.h; sourceTree = "<group>"; };
		FFB37E2422D40A8400366643 /* LoggedInViewController.m */ = {isa = PBXFileReference; lastKnownFileType = sourcecode.c.objc; path = LoggedInViewController.m; sourceTree = "<group>"; };
/* End PBXFileReference section */

/* Begin PBXFrameworksBuildPhase section */
		FF2F51B122D3FAF700CEBDC9 /* Frameworks */ = {
			isa = PBXFrameworksBuildPhase;
			buildActionMask = 2147483647;
			files = (
				7FE59927B7157D8B994D1776 /* Pods_myInstagram.framework in Frameworks */,
			);
			runOnlyForDeploymentPostprocessing = 0;
		};
		FF2F51C922D3FAF800CEBDC9 /* Frameworks */ = {
			isa = PBXFrameworksBuildPhase;
			buildActionMask = 2147483647;
			files = (
				06B6FDF7DB70F278D61422B4 /* Pods_myInstagramTests.framework in Frameworks */,
			);
			runOnlyForDeploymentPostprocessing = 0;
		};
		FF2F51D422D3FAF800CEBDC9 /* Frameworks */ = {
			isa = PBXFrameworksBuildPhase;
			buildActionMask = 2147483647;
			files = (
				3A18D628E5C07392BD679539 /* Pods_myInstagramUITests.framework in Frameworks */,
			);
			runOnlyForDeploymentPostprocessing = 0;
		};
/* End PBXFrameworksBuildPhase section */

/* Begin PBXGroup section */
		175B310518987B8F256E519C /* Frameworks */ = {
			isa = PBXGroup;
			children = (
				F50A331DAEFE15166B652395 /* Pods_myInstagram.framework */,
				7747F24E14CAA2E0BAC643BA /* Pods_myInstagramTests.framework */,
				C7E0E00482646F1D803CF1A1 /* Pods_myInstagramUITests.framework */,
			);
			name = Frameworks;
			sourceTree = "<group>";
		};
		470A53CEC7911780122C27C2 /* Pods */ = {
			isa = PBXGroup;
			children = (
				F6C98D03D0B36A5BD21F007E /* Pods-myInstagram.debug.xcconfig */,
				071FC61BF9F3EE079D91026A /* Pods-myInstagram.release.xcconfig */,
				3EFE290573460F4252A6CF78 /* Pods-myInstagramTests.debug.xcconfig */,
				610361EB77E8123EF20FFFD6 /* Pods-myInstagramTests.release.xcconfig */,
				93A1A465A0B96DF328D392D8 /* Pods-myInstagramUITests.debug.xcconfig */,
				87A3B37AF087B55D0E083778 /* Pods-myInstagramUITests.release.xcconfig */,
			);
			path = Pods;
			sourceTree = "<group>";
		};
		FF0B803E22D544FF00E37BF8 /* Models */ = {
			isa = PBXGroup;
			children = (
				FF0B803F22D5452B00E37BF8 /* Post.h */,
				FF0B804022D5452B00E37BF8 /* Post.m */,
			);
			path = Models;
			sourceTree = "<group>";
		};
		FF0B804422D5509200E37BF8 /* Views */ = {
			isa = PBXGroup;
			children = (
				FF0B804822D550EC00E37BF8 /* PostCell.h */,
				FF0B804922D550EC00E37BF8 /* PostCell.m */,
				FF2F39D222D6B0CA00B4C39E /* PostCollectionCell.h */,
				FF2F39D322D6B0CA00B4C39E /* PostCollectionCell.m */,
			);
			path = Views;
			sourceTree = "<group>";
		};
		FF2F51AB22D3FAF700CEBDC9 = {
			isa = PBXGroup;
			children = (
				FF2F51B622D3FAF700CEBDC9 /* myInstagram */,
				FF2F51CF22D3FAF800CEBDC9 /* myInstagramTests */,
				FF2F51DA22D3FAF800CEBDC9 /* myInstagramUITests */,
				FF2F51B522D3FAF700CEBDC9 /* Products */,
				470A53CEC7911780122C27C2 /* Pods */,
				175B310518987B8F256E519C /* Frameworks */,
			);
			sourceTree = "<group>";
		};
		FF2F51B522D3FAF700CEBDC9 /* Products */ = {
			isa = PBXGroup;
			children = (
				FF2F51B422D3FAF700CEBDC9 /* myInstagram.app */,
				FF2F51CC22D3FAF800CEBDC9 /* myInstagramTests.xctest */,
				FF2F51D722D3FAF800CEBDC9 /* myInstagramUITests.xctest */,
			);
			name = Products;
			sourceTree = "<group>";
		};
		FF2F51B622D3FAF700CEBDC9 /* myInstagram */ = {
			isa = PBXGroup;
			children = (
				FF2F51B722D3FAF700CEBDC9 /* AppDelegate.h */,
				FF2F51B822D3FAF700CEBDC9 /* AppDelegate.m */,
				FF0B804422D5509200E37BF8 /* Views */,
				FF0B803E22D544FF00E37BF8 /* Models */,
				FFB37E1C22D4050B00366643 /* View Controllers */,
				FF2F51BD22D3FAF700CEBDC9 /* Main.storyboard */,
				FF2F51C022D3FAF800CEBDC9 /* Assets.xcassets */,
				FF2F51C222D3FAF800CEBDC9 /* LaunchScreen.storyboard */,
				FF2F51C522D3FAF800CEBDC9 /* Info.plist */,
				FF2F51C622D3FAF800CEBDC9 /* main.m */,
			);
			path = myInstagram;
			sourceTree = "<group>";
		};
		FF2F51CF22D3FAF800CEBDC9 /* myInstagramTests */ = {
			isa = PBXGroup;
			children = (
				FF2F51D022D3FAF800CEBDC9 /* myInstagramTests.m */,
				FF2F51D222D3FAF800CEBDC9 /* Info.plist */,
			);
			path = myInstagramTests;
			sourceTree = "<group>";
		};
		FF2F51DA22D3FAF800CEBDC9 /* myInstagramUITests */ = {
			isa = PBXGroup;
			children = (
				FF2F51DB22D3FAF800CEBDC9 /* myInstagramUITests.m */,
				FF2F51DD22D3FAF800CEBDC9 /* Info.plist */,
			);
			path = myInstagramUITests;
			sourceTree = "<group>";
		};
		FFB37E1C22D4050B00366643 /* View Controllers */ = {
			isa = PBXGroup;
			children = (
				FFB37E1D22D4076800366643 /* LoginViewController.h */,
				FFB37E1E22D4076800366643 /* LoginViewController.m */,
				FFB37E2022D4091700366643 /* RegisterViewController.h */,
				FFB37E2122D4091700366643 /* RegisterViewController.m */,
				FFB37E2322D40A8400366643 /* LoggedInViewController.h */,
				FFB37E2422D40A8400366643 /* LoggedInViewController.m */,
				FF0B803B22D5412D00E37BF8 /* PostingViewController.h */,
				FF0B803C22D5412D00E37BF8 /* PostingViewController.m */,
				FF87D0C322D567C6002C01C5 /* DetailsViewController.h */,
				FF87D0C422D567C6002C01C5 /* DetailsViewController.m */,
				FF2F39CF22D6A69E00B4C39E /* ProfileViewController.h */,
				FF2F39D022D6A69E00B4C39E /* ProfileViewController.m */,
			);
			path = "View Controllers";
			sourceTree = "<group>";
		};
/* End PBXGroup section */

/* Begin PBXNativeTarget section */
		FF2F51B322D3FAF700CEBDC9 /* myInstagram */ = {
			isa = PBXNativeTarget;
			buildConfigurationList = FF2F51E022D3FAF800CEBDC9 /* Build configuration list for PBXNativeTarget "myInstagram" */;
			buildPhases = (
				806874112212D41469E13F58 /* [CP] Check Pods Manifest.lock */,
				FF2F51B022D3FAF700CEBDC9 /* Sources */,
				FF2F51B122D3FAF700CEBDC9 /* Frameworks */,
				FF2F51B222D3FAF700CEBDC9 /* Resources */,
				770E83E0E56BC0045DB43D1A /* [CP] Embed Pods Frameworks */,
			);
			buildRules = (
			);
			dependencies = (
			);
			name = myInstagram;
			productName = myInstagram;
			productReference = FF2F51B422D3FAF700CEBDC9 /* myInstagram.app */;
			productType = "com.apple.product-type.application";
		};
		FF2F51CB22D3FAF800CEBDC9 /* myInstagramTests */ = {
			isa = PBXNativeTarget;
			buildConfigurationList = FF2F51E322D3FAF800CEBDC9 /* Build configuration list for PBXNativeTarget "myInstagramTests" */;
			buildPhases = (
				A36504C19AB9393F38A9EF6D /* [CP] Check Pods Manifest.lock */,
				FF2F51C822D3FAF800CEBDC9 /* Sources */,
				FF2F51C922D3FAF800CEBDC9 /* Frameworks */,
				FF2F51CA22D3FAF800CEBDC9 /* Resources */,
			);
			buildRules = (
			);
			dependencies = (
				FF2F51CE22D3FAF800CEBDC9 /* PBXTargetDependency */,
			);
			name = myInstagramTests;
			productName = myInstagramTests;
			productReference = FF2F51CC22D3FAF800CEBDC9 /* myInstagramTests.xctest */;
			productType = "com.apple.product-type.bundle.unit-test";
		};
		FF2F51D622D3FAF800CEBDC9 /* myInstagramUITests */ = {
			isa = PBXNativeTarget;
			buildConfigurationList = FF2F51E622D3FAF800CEBDC9 /* Build configuration list for PBXNativeTarget "myInstagramUITests" */;
			buildPhases = (
				9B4E2BA300509A4C721C91FC /* [CP] Check Pods Manifest.lock */,
				FF2F51D322D3FAF800CEBDC9 /* Sources */,
				FF2F51D422D3FAF800CEBDC9 /* Frameworks */,
				FF2F51D522D3FAF800CEBDC9 /* Resources */,
			);
			buildRules = (
			);
			dependencies = (
				FF2F51D922D3FAF800CEBDC9 /* PBXTargetDependency */,
			);
			name = myInstagramUITests;
			productName = myInstagramUITests;
			productReference = FF2F51D722D3FAF800CEBDC9 /* myInstagramUITests.xctest */;
			productType = "com.apple.product-type.bundle.ui-testing";
		};
/* End PBXNativeTarget section */

/* Begin PBXProject section */
		FF2F51AC22D3FAF700CEBDC9 /* Project object */ = {
			isa = PBXProject;
			attributes = {
				LastUpgradeCheck = 1020;
				ORGANIZATIONNAME = michaelvargas;
				TargetAttributes = {
					FF2F51B322D3FAF700CEBDC9 = {
						CreatedOnToolsVersion = 10.2.1;
					};
					FF2F51CB22D3FAF800CEBDC9 = {
						CreatedOnToolsVersion = 10.2.1;
						TestTargetID = FF2F51B322D3FAF700CEBDC9;
					};
					FF2F51D622D3FAF800CEBDC9 = {
						CreatedOnToolsVersion = 10.2.1;
						TestTargetID = FF2F51B322D3FAF700CEBDC9;
					};
				};
			};
			buildConfigurationList = FF2F51AF22D3FAF700CEBDC9 /* Build configuration list for PBXProject "myInstagram" */;
			compatibilityVersion = "Xcode 9.3";
			developmentRegion = en;
			hasScannedForEncodings = 0;
			knownRegions = (
				en,
				Base,
			);
			mainGroup = FF2F51AB22D3FAF700CEBDC9;
			productRefGroup = FF2F51B522D3FAF700CEBDC9 /* Products */;
			projectDirPath = "";
			projectRoot = "";
			targets = (
				FF2F51B322D3FAF700CEBDC9 /* myInstagram */,
				FF2F51CB22D3FAF800CEBDC9 /* myInstagramTests */,
				FF2F51D622D3FAF800CEBDC9 /* myInstagramUITests */,
			);
		};
/* End PBXProject section */

/* Begin PBXResourcesBuildPhase section */
		FF2F51B222D3FAF700CEBDC9 /* Resources */ = {
			isa = PBXResourcesBuildPhase;
			buildActionMask = 2147483647;
			files = (
				FF2F51C422D3FAF800CEBDC9 /* LaunchScreen.storyboard in Resources */,
				FF2F51C122D3FAF800CEBDC9 /* Assets.xcassets in Resources */,
				FF2F51BF22D3FAF700CEBDC9 /* Main.storyboard in Resources */,
			);
			runOnlyForDeploymentPostprocessing = 0;
		};
		FF2F51CA22D3FAF800CEBDC9 /* Resources */ = {
			isa = PBXResourcesBuildPhase;
			buildActionMask = 2147483647;
			files = (
			);
			runOnlyForDeploymentPostprocessing = 0;
		};
		FF2F51D522D3FAF800CEBDC9 /* Resources */ = {
			isa = PBXResourcesBuildPhase;
			buildActionMask = 2147483647;
			files = (
			);
			runOnlyForDeploymentPostprocessing = 0;
		};
/* End PBXResourcesBuildPhase section */

/* Begin PBXShellScriptBuildPhase section */
		770E83E0E56BC0045DB43D1A /* [CP] Embed Pods Frameworks */ = {
			isa = PBXShellScriptBuildPhase;
			buildActionMask = 2147483647;
			files = (
			);
			inputFileListPaths = (
				"${PODS_ROOT}/Target Support Files/Pods-myInstagram/Pods-myInstagram-frameworks-${CONFIGURATION}-input-files.xcfilelist",
			);
			name = "[CP] Embed Pods Frameworks";
			outputFileListPaths = (
				"${PODS_ROOT}/Target Support Files/Pods-myInstagram/Pods-myInstagram-frameworks-${CONFIGURATION}-output-files.xcfilelist",
			);
			runOnlyForDeploymentPostprocessing = 0;
			shellPath = /bin/sh;
			shellScript = "\"${PODS_ROOT}/Target Support Files/Pods-myInstagram/Pods-myInstagram-frameworks.sh\"\n";
			showEnvVarsInLog = 0;
		};
		806874112212D41469E13F58 /* [CP] Check Pods Manifest.lock */ = {
			isa = PBXShellScriptBuildPhase;
			buildActionMask = 2147483647;
			files = (
			);
			inputFileListPaths = (
			);
			inputPaths = (
				"${PODS_PODFILE_DIR_PATH}/Podfile.lock",
				"${PODS_ROOT}/Manifest.lock",
			);
			name = "[CP] Check Pods Manifest.lock";
			outputFileListPaths = (
			);
			outputPaths = (
				"$(DERIVED_FILE_DIR)/Pods-myInstagram-checkManifestLockResult.txt",
			);
			runOnlyForDeploymentPostprocessing = 0;
			shellPath = /bin/sh;
			shellScript = "diff \"${PODS_PODFILE_DIR_PATH}/Podfile.lock\" \"${PODS_ROOT}/Manifest.lock\" > /dev/null\nif [ $? != 0 ] ; then\n    # print error to STDERR\n    echo \"error: The sandbox is not in sync with the Podfile.lock. Run 'pod install' or update your CocoaPods installation.\" >&2\n    exit 1\nfi\n# This output is used by Xcode 'outputs' to avoid re-running this script phase.\necho \"SUCCESS\" > \"${SCRIPT_OUTPUT_FILE_0}\"\n";
			showEnvVarsInLog = 0;
		};
		9B4E2BA300509A4C721C91FC /* [CP] Check Pods Manifest.lock */ = {
			isa = PBXShellScriptBuildPhase;
			buildActionMask = 2147483647;
			files = (
			);
			inputFileListPaths = (
			);
			inputPaths = (
				"${PODS_PODFILE_DIR_PATH}/Podfile.lock",
				"${PODS_ROOT}/Manifest.lock",
			);
			name = "[CP] Check Pods Manifest.lock";
			outputFileListPaths = (
			);
			outputPaths = (
				"$(DERIVED_FILE_DIR)/Pods-myInstagramUITests-checkManifestLockResult.txt",
			);
			runOnlyForDeploymentPostprocessing = 0;
			shellPath = /bin/sh;
			shellScript = "diff \"${PODS_PODFILE_DIR_PATH}/Podfile.lock\" \"${PODS_ROOT}/Manifest.lock\" > /dev/null\nif [ $? != 0 ] ; then\n    # print error to STDERR\n    echo \"error: The sandbox is not in sync with the Podfile.lock. Run 'pod install' or update your CocoaPods installation.\" >&2\n    exit 1\nfi\n# This output is used by Xcode 'outputs' to avoid re-running this script phase.\necho \"SUCCESS\" > \"${SCRIPT_OUTPUT_FILE_0}\"\n";
			showEnvVarsInLog = 0;
		};
		A36504C19AB9393F38A9EF6D /* [CP] Check Pods Manifest.lock */ = {
			isa = PBXShellScriptBuildPhase;
			buildActionMask = 2147483647;
			files = (
			);
			inputFileListPaths = (
			);
			inputPaths = (
				"${PODS_PODFILE_DIR_PATH}/Podfile.lock",
				"${PODS_ROOT}/Manifest.lock",
			);
			name = "[CP] Check Pods Manifest.lock";
			outputFileListPaths = (
			);
			outputPaths = (
				"$(DERIVED_FILE_DIR)/Pods-myInstagramTests-checkManifestLockResult.txt",
			);
			runOnlyForDeploymentPostprocessing = 0;
			shellPath = /bin/sh;
			shellScript = "diff \"${PODS_PODFILE_DIR_PATH}/Podfile.lock\" \"${PODS_ROOT}/Manifest.lock\" > /dev/null\nif [ $? != 0 ] ; then\n    # print error to STDERR\n    echo \"error: The sandbox is not in sync with the Podfile.lock. Run 'pod install' or update your CocoaPods installation.\" >&2\n    exit 1\nfi\n# This output is used by Xcode 'outputs' to avoid re-running this script phase.\necho \"SUCCESS\" > \"${SCRIPT_OUTPUT_FILE_0}\"\n";
			showEnvVarsInLog = 0;
		};
/* End PBXShellScriptBuildPhase section */

/* Begin PBXSourcesBuildPhase section */
		FF2F51B022D3FAF700CEBDC9 /* Sources */ = {
			isa = PBXSourcesBuildPhase;
			buildActionMask = 2147483647;
			files = (
				FFB37E1F22D4076800366643 /* LoginViewController.m in Sources */,
				FF2F51C722D3FAF800CEBDC9 /* main.m in Sources */,
				FF2F39D422D6B0CA00B4C39E /* PostCollectionCell.m in Sources */,
				FFB37E2522D40A8400366643 /* LoggedInViewController.m in Sources */,
				FF0B804A22D550EC00E37BF8 /* PostCell.m in Sources */,
				FF2F39D122D6A69E00B4C39E /* ProfileViewController.m in Sources */,
				FF0B803D22D5412D00E37BF8 /* PostingViewController.m in Sources */,
				FF2F51B922D3FAF700CEBDC9 /* AppDelegate.m in Sources */,
				FF87D0C522D567C6002C01C5 /* DetailsViewController.m in Sources */,
				FFB37E2222D4091700366643 /* RegisterViewController.m in Sources */,
				FF0B804122D5452B00E37BF8 /* Post.m in Sources */,
			);
			runOnlyForDeploymentPostprocessing = 0;
		};
		FF2F51C822D3FAF800CEBDC9 /* Sources */ = {
			isa = PBXSourcesBuildPhase;
			buildActionMask = 2147483647;
			files = (
				FF2F51D122D3FAF800CEBDC9 /* myInstagramTests.m in Sources */,
			);
			runOnlyForDeploymentPostprocessing = 0;
		};
		FF2F51D322D3FAF800CEBDC9 /* Sources */ = {
			isa = PBXSourcesBuildPhase;
			buildActionMask = 2147483647;
			files = (
				FF2F51DC22D3FAF800CEBDC9 /* myInstagramUITests.m in Sources */,
			);
			runOnlyForDeploymentPostprocessing = 0;
		};
/* End PBXSourcesBuildPhase section */

/* Begin PBXTargetDependency section */
		FF2F51CE22D3FAF800CEBDC9 /* PBXTargetDependency */ = {
			isa = PBXTargetDependency;
			target = FF2F51B322D3FAF700CEBDC9 /* myInstagram */;
			targetProxy = FF2F51CD22D3FAF800CEBDC9 /* PBXContainerItemProxy */;
		};
		FF2F51D922D3FAF800CEBDC9 /* PBXTargetDependency */ = {
			isa = PBXTargetDependency;
			target = FF2F51B322D3FAF700CEBDC9 /* myInstagram */;
			targetProxy = FF2F51D822D3FAF800CEBDC9 /* PBXContainerItemProxy */;
		};
/* End PBXTargetDependency section */

/* Begin PBXVariantGroup section */
		FF2F51BD22D3FAF700CEBDC9 /* Main.storyboard */ = {
			isa = PBXVariantGroup;
			children = (
				FF2F51BE22D3FAF700CEBDC9 /* Base */,
			);
			name = Main.storyboard;
			sourceTree = "<group>";
		};
		FF2F51C222D3FAF800CEBDC9 /* LaunchScreen.storyboard */ = {
			isa = PBXVariantGroup;
			children = (
				FF2F51C322D3FAF800CEBDC9 /* Base */,
			);
			name = LaunchScreen.storyboard;
			sourceTree = "<group>";
		};
/* End PBXVariantGroup section */

/* Begin XCBuildConfiguration section */
		FF2F51DE22D3FAF800CEBDC9 /* Debug */ = {
			isa = XCBuildConfiguration;
			buildSettings = {
				ALWAYS_SEARCH_USER_PATHS = NO;
				CLANG_ANALYZER_NONNULL = YES;
				CLANG_ANALYZER_NUMBER_OBJECT_CONVERSION = YES_AGGRESSIVE;
				CLANG_CXX_LANGUAGE_STANDARD = "gnu++14";
				CLANG_CXX_LIBRARY = "libc++";
				CLANG_ENABLE_MODULES = YES;
				CLANG_ENABLE_OBJC_ARC = YES;
				CLANG_ENABLE_OBJC_WEAK = YES;
				CLANG_WARN_BLOCK_CAPTURE_AUTORELEASING = YES;
				CLANG_WARN_BOOL_CONVERSION = YES;
				CLANG_WARN_COMMA = YES;
				CLANG_WARN_CONSTANT_CONVERSION = YES;
				CLANG_WARN_DEPRECATED_OBJC_IMPLEMENTATIONS = YES;
				CLANG_WARN_DIRECT_OBJC_ISA_USAGE = YES_ERROR;
				CLANG_WARN_DOCUMENTATION_COMMENTS = YES;
				CLANG_WARN_EMPTY_BODY = YES;
				CLANG_WARN_ENUM_CONVERSION = YES;
				CLANG_WARN_INFINITE_RECURSION = YES;
				CLANG_WARN_INT_CONVERSION = YES;
				CLANG_WARN_NON_LITERAL_NULL_CONVERSION = YES;
				CLANG_WARN_OBJC_IMPLICIT_RETAIN_SELF = YES;
				CLANG_WARN_OBJC_LITERAL_CONVERSION = YES;
				CLANG_WARN_OBJC_ROOT_CLASS = YES_ERROR;
				CLANG_WARN_RANGE_LOOP_ANALYSIS = YES;
				CLANG_WARN_STRICT_PROTOTYPES = YES;
				CLANG_WARN_SUSPICIOUS_MOVE = YES;
				CLANG_WARN_UNGUARDED_AVAILABILITY = YES_AGGRESSIVE;
				CLANG_WARN_UNREACHABLE_CODE = YES;
				CLANG_WARN__DUPLICATE_METHOD_MATCH = YES;
				CODE_SIGN_IDENTITY = "iPhone Developer";
				COPY_PHASE_STRIP = NO;
				DEBUG_INFORMATION_FORMAT = dwarf;
				ENABLE_STRICT_OBJC_MSGSEND = YES;
				ENABLE_TESTABILITY = YES;
				GCC_C_LANGUAGE_STANDARD = gnu11;
				GCC_DYNAMIC_NO_PIC = NO;
				GCC_NO_COMMON_BLOCKS = YES;
				GCC_OPTIMIZATION_LEVEL = 0;
				GCC_PREPROCESSOR_DEFINITIONS = (
					"DEBUG=1",
					"$(inherited)",
				);
				GCC_WARN_64_TO_32_BIT_CONVERSION = YES;
				GCC_WARN_ABOUT_RETURN_TYPE = YES_ERROR;
				GCC_WARN_UNDECLARED_SELECTOR = YES;
				GCC_WARN_UNINITIALIZED_AUTOS = YES_AGGRESSIVE;
				GCC_WARN_UNUSED_FUNCTION = YES;
				GCC_WARN_UNUSED_VARIABLE = YES;
				IPHONEOS_DEPLOYMENT_TARGET = 12.2;
				MTL_ENABLE_DEBUG_INFO = INCLUDE_SOURCE;
				MTL_FAST_MATH = YES;
				ONLY_ACTIVE_ARCH = YES;
				SDKROOT = iphoneos;
			};
			name = Debug;
		};
		FF2F51DF22D3FAF800CEBDC9 /* Release */ = {
			isa = XCBuildConfiguration;
			buildSettings = {
				ALWAYS_SEARCH_USER_PATHS = NO;
				CLANG_ANALYZER_NONNULL = YES;
				CLANG_ANALYZER_NUMBER_OBJECT_CONVERSION = YES_AGGRESSIVE;
				CLANG_CXX_LANGUAGE_STANDARD = "gnu++14";
				CLANG_CXX_LIBRARY = "libc++";
				CLANG_ENABLE_MODULES = YES;
				CLANG_ENABLE_OBJC_ARC = YES;
				CLANG_ENABLE_OBJC_WEAK = YES;
				CLANG_WARN_BLOCK_CAPTURE_AUTORELEASING = YES;
				CLANG_WARN_BOOL_CONVERSION = YES;
				CLANG_WARN_COMMA = YES;
				CLANG_WARN_CONSTANT_CONVERSION = YES;
				CLANG_WARN_DEPRECATED_OBJC_IMPLEMENTATIONS = YES;
				CLANG_WARN_DIRECT_OBJC_ISA_USAGE = YES_ERROR;
				CLANG_WARN_DOCUMENTATION_COMMENTS = YES;
				CLANG_WARN_EMPTY_BODY = YES;
				CLANG_WARN_ENUM_CONVERSION = YES;
				CLANG_WARN_INFINITE_RECURSION = YES;
				CLANG_WARN_INT_CONVERSION = YES;
				CLANG_WARN_NON_LITERAL_NULL_CONVERSION = YES;
				CLANG_WARN_OBJC_IMPLICIT_RETAIN_SELF = YES;
				CLANG_WARN_OBJC_LITERAL_CONVERSION = YES;
				CLANG_WARN_OBJC_ROOT_CLASS = YES_ERROR;
				CLANG_WARN_RANGE_LOOP_ANALYSIS = YES;
				CLANG_WARN_STRICT_PROTOTYPES = YES;
				CLANG_WARN_SUSPICIOUS_MOVE = YES;
				CLANG_WARN_UNGUARDED_AVAILABILITY = YES_AGGRESSIVE;
				CLANG_WARN_UNREACHABLE_CODE = YES;
				CLANG_WARN__DUPLICATE_METHOD_MATCH = YES;
				CODE_SIGN_IDENTITY = "iPhone Developer";
				COPY_PHASE_STRIP = NO;
				DEBUG_INFORMATION_FORMAT = "dwarf-with-dsym";
				ENABLE_NS_ASSERTIONS = NO;
				ENABLE_STRICT_OBJC_MSGSEND = YES;
				GCC_C_LANGUAGE_STANDARD = gnu11;
				GCC_NO_COMMON_BLOCKS = YES;
				GCC_WARN_64_TO_32_BIT_CONVERSION = YES;
				GCC_WARN_ABOUT_RETURN_TYPE = YES_ERROR;
				GCC_WARN_UNDECLARED_SELECTOR = YES;
				GCC_WARN_UNINITIALIZED_AUTOS = YES_AGGRESSIVE;
				GCC_WARN_UNUSED_FUNCTION = YES;
				GCC_WARN_UNUSED_VARIABLE = YES;
				IPHONEOS_DEPLOYMENT_TARGET = 12.2;
				MTL_ENABLE_DEBUG_INFO = NO;
				MTL_FAST_MATH = YES;
				SDKROOT = iphoneos;
				VALIDATE_PRODUCT = YES;
			};
			name = Release;
		};
		FF2F51E122D3FAF800CEBDC9 /* Debug */ = {
			isa = XCBuildConfiguration;
			baseConfigurationReference = F6C98D03D0B36A5BD21F007E /* Pods-myInstagram.debug.xcconfig */;
			buildSettings = {
				ASSETCATALOG_COMPILER_APPICON_NAME = AppIcon;
				CODE_SIGN_STYLE = Automatic;
				DEVELOPMENT_TEAM = 82F2G2LCDZ;
				INFOPLIST_FILE = myInstagram/Info.plist;
				LD_RUNPATH_SEARCH_PATHS = (
					"$(inherited)",
					"@executable_path/Frameworks",
				);
				PRODUCT_BUNDLE_IDENTIFIER = "com.michael.vargas99-gmail.com.myInstagram";
				PRODUCT_NAME = "$(TARGET_NAME)";
				TARGETED_DEVICE_FAMILY = "1,2";
			};
			name = Debug;
		};
		FF2F51E222D3FAF800CEBDC9 /* Release */ = {
			isa = XCBuildConfiguration;
			baseConfigurationReference = 071FC61BF9F3EE079D91026A /* Pods-myInstagram.release.xcconfig */;
			buildSettings = {
				ASSETCATALOG_COMPILER_APPICON_NAME = AppIcon;
				CODE_SIGN_STYLE = Automatic;
				DEVELOPMENT_TEAM = 82F2G2LCDZ;
				INFOPLIST_FILE = myInstagram/Info.plist;
				LD_RUNPATH_SEARCH_PATHS = (
					"$(inherited)",
					"@executable_path/Frameworks",
				);
				PRODUCT_BUNDLE_IDENTIFIER = "com.michael.vargas99-gmail.com.myInstagram";
				PRODUCT_NAME = "$(TARGET_NAME)";
				TARGETED_DEVICE_FAMILY = "1,2";
			};
			name = Release;
		};
		FF2F51E422D3FAF800CEBDC9 /* Debug */ = {
			isa = XCBuildConfiguration;
			baseConfigurationReference = 3EFE290573460F4252A6CF78 /* Pods-myInstagramTests.debug.xcconfig */;
			buildSettings = {
				BUNDLE_LOADER = "$(TEST_HOST)";
				CODE_SIGN_STYLE = Automatic;
				DEVELOPMENT_TEAM = 82F2G2LCDZ;
				INFOPLIST_FILE = myInstagramTests/Info.plist;
				LD_RUNPATH_SEARCH_PATHS = (
					"$(inherited)",
					"@executable_path/Frameworks",
					"@loader_path/Frameworks",
				);
				PRODUCT_BUNDLE_IDENTIFIER = "com.michael.vargas99-gmail.com.myInstagramTests";
				PRODUCT_NAME = "$(TARGET_NAME)";
				TARGETED_DEVICE_FAMILY = "1,2";
				TEST_HOST = "$(BUILT_PRODUCTS_DIR)/myInstagram.app/myInstagram";
			};
			name = Debug;
		};
		FF2F51E522D3FAF800CEBDC9 /* Release */ = {
			isa = XCBuildConfiguration;
			baseConfigurationReference = 610361EB77E8123EF20FFFD6 /* Pods-myInstagramTests.release.xcconfig */;
			buildSettings = {
				BUNDLE_LOADER = "$(TEST_HOST)";
				CODE_SIGN_STYLE = Automatic;
				DEVELOPMENT_TEAM = 82F2G2LCDZ;
				INFOPLIST_FILE = myInstagramTests/Info.plist;
				LD_RUNPATH_SEARCH_PATHS = (
					"$(inherited)",
					"@executable_path/Frameworks",
					"@loader_path/Frameworks",
				);
				PRODUCT_BUNDLE_IDENTIFIER = "com.michael.vargas99-gmail.com.myInstagramTests";
				PRODUCT_NAME = "$(TARGET_NAME)";
				TARGETED_DEVICE_FAMILY = "1,2";
				TEST_HOST = "$(BUILT_PRODUCTS_DIR)/myInstagram.app/myInstagram";
			};
			name = Release;
		};
		FF2F51E722D3FAF800CEBDC9 /* Debug */ = {
			isa = XCBuildConfiguration;
			baseConfigurationReference = 93A1A465A0B96DF328D392D8 /* Pods-myInstagramUITests.debug.xcconfig */;
			buildSettings = {
				CODE_SIGN_STYLE = Automatic;
				DEVELOPMENT_TEAM = 82F2G2LCDZ;
				INFOPLIST_FILE = myInstagramUITests/Info.plist;
				LD_RUNPATH_SEARCH_PATHS = (
					"$(inherited)",
					"@executable_path/Frameworks",
					"@loader_path/Frameworks",
				);
				PRODUCT_BUNDLE_IDENTIFIER = "com.michael.vargas99-gmail.com.myInstagramUITests";
				PRODUCT_NAME = "$(TARGET_NAME)";
				TARGETED_DEVICE_FAMILY = "1,2";
				TEST_TARGET_NAME = myInstagram;
			};
			name = Debug;
		};
		FF2F51E822D3FAF800CEBDC9 /* Release */ = {
			isa = XCBuildConfiguration;
			baseConfigurationReference = 87A3B37AF087B55D0E083778 /* Pods-myInstagramUITests.release.xcconfig */;
			buildSettings = {
				CODE_SIGN_STYLE = Automatic;
				DEVELOPMENT_TEAM = 82F2G2LCDZ;
				INFOPLIST_FILE = myInstagramUITests/Info.plist;
				LD_RUNPATH_SEARCH_PATHS = (
					"$(inherited)",
					"@executable_path/Frameworks",
					"@loader_path/Frameworks",
				);
				PRODUCT_BUNDLE_IDENTIFIER = "com.michael.vargas99-gmail.com.myInstagramUITests";
				PRODUCT_NAME = "$(TARGET_NAME)";
				TARGETED_DEVICE_FAMILY = "1,2";
				TEST_TARGET_NAME = myInstagram;
			};
			name = Release;
		};
/* End XCBuildConfiguration section */

/* Begin XCConfigurationList section */
		FF2F51AF22D3FAF700CEBDC9 /* Build configuration list for PBXProject "myInstagram" */ = {
			isa = XCConfigurationList;
			buildConfigurations = (
				FF2F51DE22D3FAF800CEBDC9 /* Debug */,
				FF2F51DF22D3FAF800CEBDC9 /* Release */,
			);
			defaultConfigurationIsVisible = 0;
			defaultConfigurationName = Release;
		};
		FF2F51E022D3FAF800CEBDC9 /* Build configuration list for PBXNativeTarget "myInstagram" */ = {
			isa = XCConfigurationList;
			buildConfigurations = (
				FF2F51E122D3FAF800CEBDC9 /* Debug */,
				FF2F51E222D3FAF800CEBDC9 /* Release */,
			);
			defaultConfigurationIsVisible = 0;
			defaultConfigurationName = Release;
		};
		FF2F51E322D3FAF800CEBDC9 /* Build configuration list for PBXNativeTarget "myInstagramTests" */ = {
			isa = XCConfigurationList;
			buildConfigurations = (
				FF2F51E422D3FAF800CEBDC9 /* Debug */,
				FF2F51E522D3FAF800CEBDC9 /* Release */,
			);
			defaultConfigurationIsVisible = 0;
			defaultConfigurationName = Release;
		};
		FF2F51E622D3FAF800CEBDC9 /* Build configuration list for PBXNativeTarget "myInstagramUITests" */ = {
			isa = XCConfigurationList;
			buildConfigurations = (
				FF2F51E722D3FAF800CEBDC9 /* Debug */,
				FF2F51E822D3FAF800CEBDC9 /* Release */,
			);
			defaultConfigurationIsVisible = 0;
			defaultConfigurationName = Release;
		};
/* End XCConfigurationList section */
	};
	rootObject = FF2F51AC22D3FAF700CEBDC9 /* Project object */;
}
